
Microsoft Visual Studio Solution File, Format Version 12.00
# Visual Studio Version 16
VisualStudioVersion = 16.0.30611.23
MinimumVisualStudioVersion = 10.0.40219.1
Project("{9A19103F-16F7-4668-BE54-9A1E7A4F7556}") = "Entities", "Entities\Entities.csproj", "{40545027-F96C-4EE4-974E-115C05F3FCC0}"
EndProject
Project("{9A19103F-16F7-4668-BE54-9A1E7A4F7556}") = "DataAccess", "DataAccess\DataAccess.csproj", "{FEE4D5A7-EE16-4AA3-8EF0-42887BC709CE}"
EndProject
Project("{9A19103F-16F7-4668-BE54-9A1E7A4F7556}") = "Business", "Business\Business.csproj", "{0ED98097-B116-4EFC-A920-3C1191387384}"
EndProject
Project("{9A19103F-16F7-4668-BE54-9A1E7A4F7556}") = "ConsoleUI", "ConsoleUI\ConsoleUI.csproj", "{75297EFA-640C-4361-9D6E-2AE52CBE19E8}"
EndProject
Project("{9A19103F-16F7-4668-BE54-9A1E7A4F7556}") = "Core", "Core\Core.csproj", "{3735EE20-FBBE-4899-B1D5-BD0A97DF6094}"
EndProject
Project("{FAE04EC0-301F-11D3-BF4B-00C04F79EFBC}") = "WebAPI", "WebAPI\WebAPI.csproj", "{8A85F412-5D1B-4C08-9CE5-E006B51B4585}"
EndProject
Global
	GlobalSection(SolutionConfigurationPlatforms) = preSolution
		Debug|Any CPU = Debug|Any CPU
		Release|Any CPU = Release|Any CPU
	EndGlobalSection
	GlobalSection(ProjectConfigurationPlatforms) = postSolution
		{40545027-F96C-4EE4-974E-115C05F3FCC0}.Debug|Any CPU.ActiveCfg = Debug|Any CPU
		{40545027-F96C-4EE4-974E-115C05F3FCC0}.Debug|Any CPU.Build.0 = Debug|Any CPU
		{40545027-F96C-4EE4-974E-115C05F3FCC0}.Release|Any CPU.ActiveCfg = Release|Any CPU
		{40545027-F96C-4EE4-974E-115C05F3FCC0}.Release|Any CPU.Build.0 = Release|Any CPU
		{FEE4D5A7-EE16-4AA3-8EF0-42887BC709CE}.Debug|Any CPU.ActiveCfg = Debug|Any CPU
		{FEE4D5A7-EE16-4AA3-8EF0-42887BC709CE}.Debug|Any CPU.Build.0 = Debug|Any CPU
		{FEE4D5A7-EE16-4AA3-8EF0-42887BC709CE}.Release|Any CPU.ActiveCfg = Release|Any CPU
		{FEE4D5A7-EE16-4AA3-8EF0-42887BC709CE}.Release|Any CPU.Build.0 = Release|Any CPU
		{0ED98097-B116-4EFC-A920-3C1191387384}.Debug|Any CPU.ActiveCfg = Debug|Any CPU
		{0ED98097-B116-4EFC-A920-3C1191387384}.Debug|Any CPU.Build.0 = Debug|Any CPU
		{0ED98097-B116-4EFC-A920-3C1191387384}.Release|Any CPU.ActiveCfg = Release|Any CPU
		{0ED98097-B116-4EFC-A920-3C1191387384}.Release|Any CPU.Build.0 = Release|Any CPU
		{75297EFA-640C-4361-9D6E-2AE52CBE19E8}.Debug|Any CPU.ActiveCfg = Debug|Any CPU
		{75297EFA-640C-4361-9D6E-2AE52CBE19E8}.Debug|Any CPU.Build.0 = Debug|Any CPU
		{75297EFA-640C-4361-9D6E-2AE52CBE19E8}.Release|Any CPU.ActiveCfg = Release|Any CPU
		{75297EFA-640C-4361-9D6E-2AE52CBE19E8}.Release|Any CPU.Build.0 = Release|Any CPU
		{3735EE20-FBBE-4899-B1D5-BD0A97DF6094}.Debug|Any CPU.ActiveCfg = Debug|Any CPU
		{3735EE20-FBBE-4899-B1D5-BD0A97DF6094}.Debug|Any CPU.Build.0 = Debug|Any CPU
		{3735EE20-FBBE-4899-B1D5-BD0A97DF6094}.Release|Any CPU.ActiveCfg = Release|Any CPU
		{3735EE20-FBBE-4899-B1D5-BD0A97DF6094}.Release|Any CPU.Build.0 = Release|Any CPU
		{8A85F412-5D1B-4C08-9CE5-E006B51B4585}.Debug|Any CPU.ActiveCfg = Debug|Any CPU
		{8A85F412-5D1B-4C08-9CE5-E006B51B4585}.Debug|Any CPU.Build.0 = Debug|Any CPU
		{8A85F412-5D1B-4C08-9CE5-E006B51B4585}.Release|Any CPU.ActiveCfg = Release|Any CPU
		{8A85F412-5D1B-4C08-9CE5-E006B51B4585}.Release|Any CPU.Build.0 = Release|Any CPU
	EndGlobalSection
	GlobalSection(SolutionProperties) = preSolution
		HideSolutionNode = FALSE
	EndGlobalSection
	GlobalSection(ExtensibilityGlobals) = postSolution
		SolutionGuid = {F7C61813-37F7-4177-B3F9-A2F1D801A0FB}
	EndGlobalSection
EndGlobal
